<?xml version="1.0" encoding="UTF-8"?>
<!DOCTYPE plist PUBLIC "-//Apple//DTD PLIST 1.0//EN" "http://www.apple.com/DTDs/PropertyList-1.0.dtd">
<plist version="1.0">
<dict>
	<key>archiveVersion</key>
	<string>1</string>
	<key>classes</key>
	<dict/>
	<key>objectVersion</key>
	<string>46</string>
	<key>objects</key>
	<dict>
		<key>17111E6A18954B1000BBF9ED</key>
		<dict>
			<key>fileEncoding</key>
			<string>4</string>
			<key>isa</key>
			<string>PBXFileReference</string>
			<key>lastKnownFileType</key>
			<string>sourcecode.c.h</string>
			<key>path</key>
			<string>StatusBarItemController.h</string>
			<key>sourceTree</key>
			<string>&lt;group&gt;</string>
		</dict>
		<key>17111E6B18954B1000BBF9ED</key>
		<dict>
			<key>fileEncoding</key>
			<string>4</string>
			<key>isa</key>
			<string>PBXFileReference</string>
			<key>lastKnownFileType</key>
			<string>sourcecode.c.objc</string>
			<key>path</key>
			<string>StatusBarItemController.m</string>
			<key>sourceTree</key>
			<string>&lt;group&gt;</string>
		</dict>
		<key>17111E6C18954B1000BBF9ED</key>
		<dict>
			<key>fileRef</key>
			<string>17111E6B18954B1000BBF9ED</string>
			<key>isa</key>
			<string>PBXBuildFile</string>
		</dict>
		<key>172894A118BA3B74008B38BA</key>
		<dict>
			<key>isa</key>
			<string>PBXFileReference</string>
			<key>lastKnownFileType</key>
			<string>sourcecode.c.h</string>
			<key>path</key>
			<string>DataSourceProtocol.h</string>
			<key>sourceTree</key>
			<string>&lt;group&gt;</string>
		</dict>
		<key>172894A218BA468F008B38BA</key>
		<dict>
			<key>fileEncoding</key>
			<string>4</string>
			<key>isa</key>
			<string>PBXFileReference</string>
			<key>lastKnownFileType</key>
			<string>sourcecode.c.objc</string>
			<key>path</key>
			<string>ProtocolTests.m</string>
			<key>sourceTree</key>
			<string>&lt;group&gt;</string>
		</dict>
		<key>172894A318BA468F008B38BA</key>
		<dict>
			<key>fileRef</key>
			<string>172894A218BA468F008B38BA</string>
			<key>isa</key>
			<string>PBXBuildFile</string>
		</dict>
		<key>172FD7B9192B79A700071CEC</key>
		<dict>
			<key>fileEncoding</key>
			<string>4</string>
			<key>isa</key>
			<string>PBXFileReference</string>
			<key>lastKnownFileType</key>
			<string>text.plist.xml</string>
			<key>path</key>
			<string>StyleSettings.plist</string>
			<key>sourceTree</key>
			<string>&lt;group&gt;</string>
		</dict>
		<key>172FD7BA192B79A700071CEC</key>
		<dict>
			<key>fileRef</key>
			<string>172FD7B9192B79A700071CEC</string>
			<key>isa</key>
			<string>PBXBuildFile</string>
		</dict>
		<key>1736F5FB184FEA6800B422E1</key>
		<dict>
			<key>children</key>
			<array>
				<string>1767DB7618FDA553004DCA3B</string>
				<string>172FD7B9192B79A700071CEC</string>
				<string>17C0798318F8190300670C26</string>
				<string>1736F60D184FEA6900B422E1</string>
				<string>1736F62B184FEA6900B422E1</string>
				<string>1736F606184FEA6900B422E1</string>
				<string>1736F605184FEA6900B422E1</string>
			</array>
			<key>isa</key>
			<string>PBXGroup</string>
			<key>sourceTree</key>
			<string>&lt;group&gt;</string>
		</dict>
		<key>1736F5FC184FEA6800B422E1</key>
		<dict>
			<key>attributes</key>
			<dict>
				<key>LastUpgradeCheck</key>
				<string>0500</string>
				<key>ORGANIZATIONNAME</key>
				<string>X</string>
				<key>TargetAttributes</key>
				<dict>
					<key>1736F603184FEA6900B422E1</key>
					<dict>
						<key>SystemCapabilities</key>
						<dict>
							<key>com.apple.Sandbox</key>
							<dict>
								<key>enabled</key>
								<string>0</string>
							</dict>
						</dict>
					</dict>
					<key>1736F624184FEA6900B422E1</key>
					<dict>
						<key>TestTargetID</key>
						<string>1736F603184FEA6900B422E1</string>
					</dict>
				</dict>
			</dict>
			<key>buildConfigurationList</key>
			<string>1736F5FF184FEA6900B422E1</string>
			<key>compatibilityVersion</key>
			<string>Xcode 3.2</string>
			<key>developmentRegion</key>
			<string>English</string>
			<key>hasScannedForEncodings</key>
			<string>0</string>
			<key>isa</key>
			<string>PBXProject</string>
			<key>knownRegions</key>
			<array>
				<string>en</string>
				<string>Base</string>
			</array>
			<key>mainGroup</key>
			<string>1736F5FB184FEA6800B422E1</string>
			<key>productRefGroup</key>
			<string>1736F605184FEA6900B422E1</string>
			<key>projectDirPath</key>
			<string></string>
			<key>projectRoot</key>
			<string></string>
			<key>targets</key>
			<array>
				<string>1736F603184FEA6900B422E1</string>
				<string>1736F624184FEA6900B422E1</string>
			</array>
		</dict>
		<key>1736F5FF184FEA6900B422E1</key>
		<dict>
			<key>buildConfigurations</key>
			<array>
				<string>1736F633184FEA6900B422E1</string>
				<string>1736F634184FEA6900B422E1</string>
			</array>
			<key>defaultConfigurationIsVisible</key>
			<string>0</string>
			<key>defaultConfigurationName</key>
			<string>Release</string>
			<key>isa</key>
			<string>XCConfigurationList</string>
		</dict>
		<key>1736F600184FEA6900B422E1</key>
		<dict>
			<key>buildActionMask</key>
			<string>2147483647</string>
			<key>files</key>
			<array>
				<string>1736F649185224E300B422E1</string>
				<string>1736F61B184FEA6900B422E1</string>
				<string>17111E6C18954B1000BBF9ED</string>
				<string>174E9B7C18B72247006A61EE</string>
				<string>1736F614184FEA6900B422E1</string>
				<string>17BAD14F18B64F0B00CEEED4</string>
				<string>174E9B7918B69647006A61EE</string>
				<string>1765257218C7164000CFD79B</string>
				<string>17C43DAB18B7DB3F00B2DF87</string>
				<string>174E9B7618B69335006A61EE</string>
			</array>
			<key>isa</key>
			<string>PBXSourcesBuildPhase</string>
			<key>runOnlyForDeploymentPostprocessing</key>
			<string>0</string>
		</dict>
		<key>1736F601184FEA6900B422E1</key>
		<dict>
			<key>buildActionMask</key>
			<string>2147483647</string>
			<key>files</key>
			<array>
				<string>1736F608184FEA6900B422E1</string>
				<string>17435375185754CD0052E824</string>
			</array>
			<key>isa</key>
			<string>PBXFrameworksBuildPhase</string>
			<key>runOnlyForDeploymentPostprocessing</key>
			<string>0</string>
		</dict>
		<key>1736F602184FEA6900B422E1</key>
		<dict>
			<key>buildActionMask</key>
			<string>2147483647</string>
			<key>files</key>
			<array>
				<string>1743537D1857C7450052E824</string>
				<string>172FD7BA192B79A700071CEC</string>
				<string>1736F612184FEA6900B422E1</string>
				<string>1736F620184FEA6900B422E1</string>
				<string>1736F618184FEA6900B422E1</string>
				<string>1767DB7718FDA553004DCA3B</string>
				<string>1777925A18561CFF008D6F0B</string>
				<string>1736F64B1852264500B422E1</string>
				<string>175AF84418F950F800CF307A</string>
			</array>
			<key>isa</key>
			<string>PBXResourcesBuildPhase</string>
			<key>runOnlyForDeploymentPostprocessing</key>
			<string>0</string>
		</dict>
		<key>1736F603184FEA6900B422E1</key>
		<dict>
			<key>buildConfigurationList</key>
			<string>1736F635184FEA6900B422E1</string>
			<key>buildPhases</key>
			<array>
				<string>1736F600184FEA6900B422E1</string>
				<string>1736F601184FEA6900B422E1</string>
				<string>1736F602184FEA6900B422E1</string>
				<string>17435379185756B90052E824</string>
				<string>OBJCLEANCUSTOMRUNSCRIPTT</string>
			</array>
			<key>buildRules</key>
			<array/>
			<key>dependencies</key>
			<array/>
			<key>isa</key>
			<string>PBXNativeTarget</string>
			<key>name</key>
			<string>CheckBTC</string>
			<key>productName</key>
			<string>CheckBTC</string>
			<key>productReference</key>
			<string>1736F604184FEA6900B422E1</string>
			<key>productType</key>
			<string>com.apple.product-type.application</string>
		</dict>
		<key>1736F604184FEA6900B422E1</key>
		<dict>
			<key>explicitFileType</key>
			<string>wrapper.application</string>
			<key>includeInIndex</key>
			<string>0</string>
			<key>isa</key>
			<string>PBXFileReference</string>
			<key>path</key>
			<string>CheckBTC.app</string>
			<key>sourceTree</key>
			<string>BUILT_PRODUCTS_DIR</string>
		</dict>
		<key>1736F605184FEA6900B422E1</key>
		<dict>
			<key>children</key>
			<array>
				<string>1736F604184FEA6900B422E1</string>
				<string>1736F625184FEA6900B422E1</string>
			</array>
			<key>isa</key>
			<string>PBXGroup</string>
			<key>name</key>
			<string>Products</string>
			<key>sourceTree</key>
			<string>&lt;group&gt;</string>
		</dict>
		<key>1736F606184FEA6900B422E1</key>
		<dict>
			<key>children</key>
			<array>
				<string>17435374185754CD0052E824</string>
				<string>1736F607184FEA6900B422E1</string>
				<string>1736F626184FEA6900B422E1</string>
				<string>1736F609184FEA6900B422E1</string>
			</array>
			<key>isa</key>
			<string>PBXGroup</string>
			<key>name</key>
			<string>Frameworks</string>
			<key>sourceTree</key>
			<string>&lt;group&gt;</string>
		</dict>
		<key>1736F607184FEA6900B422E1</key>
		<dict>
			<key>isa</key>
			<string>PBXFileReference</string>
			<key>lastKnownFileType</key>
			<string>wrapper.framework</string>
			<key>name</key>
			<string>Cocoa.framework</string>
			<key>path</key>
			<string>System/Library/Frameworks/Cocoa.framework</string>
			<key>sourceTree</key>
			<string>SDKROOT</string>
		</dict>
		<key>1736F608184FEA6900B422E1</key>
		<dict>
			<key>fileRef</key>
			<string>1736F607184FEA6900B422E1</string>
			<key>isa</key>
			<string>PBXBuildFile</string>
		</dict>
		<key>1736F609184FEA6900B422E1</key>
		<dict>
			<key>children</key>
			<array>
				<string>1736F60A184FEA6900B422E1</string>
				<string>1736F60B184FEA6900B422E1</string>
				<string>1736F60C184FEA6900B422E1</string>
			</array>
			<key>isa</key>
			<string>PBXGroup</string>
			<key>name</key>
			<string>Other Frameworks</string>
			<key>sourceTree</key>
			<string>&lt;group&gt;</string>
		</dict>
		<key>1736F60A184FEA6900B422E1</key>
		<dict>
			<key>isa</key>
			<string>PBXFileReference</string>
			<key>lastKnownFileType</key>
			<string>wrapper.framework</string>
			<key>name</key>
			<string>AppKit.framework</string>
			<key>path</key>
			<string>System/Library/Frameworks/AppKit.framework</string>
			<key>sourceTree</key>
			<string>SDKROOT</string>
		</dict>
		<key>1736F60B184FEA6900B422E1</key>
		<dict>
			<key>isa</key>
			<string>PBXFileReference</string>
			<key>lastKnownFileType</key>
			<string>wrapper.framework</string>
			<key>name</key>
			<string>CoreData.framework</string>
			<key>path</key>
			<string>System/Library/Frameworks/CoreData.framework</string>
			<key>sourceTree</key>
			<string>SDKROOT</string>
		</dict>
		<key>1736F60C184FEA6900B422E1</key>
		<dict>
			<key>isa</key>
			<string>PBXFileReference</string>
			<key>lastKnownFileType</key>
			<string>wrapper.framework</string>
			<key>name</key>
			<string>Foundation.framework</string>
			<key>path</key>
			<string>System/Library/Frameworks/Foundation.framework</string>
			<key>sourceTree</key>
			<string>SDKROOT</string>
		</dict>
		<key>1736F60D184FEA6900B422E1</key>
		<dict>
			<key>children</key>
			<array>
				<string>1777925918561CFF008D6F0B</string>
				<string>1736F64A1852264500B422E1</string>
				<string>1736F619184FEA6900B422E1</string>
				<string>1736F61A184FEA6900B422E1</string>
				<string>1767DB7818FDA70F004DCA3B</string>
				<string>174E9B7F18B72972006A61EE</string>
				<string>174E9B7E18B7295E006A61EE</string>
				<string>17E93F26185B2B86007C3092</string>
				<string>1736F61F184FEA6900B422E1</string>
				<string>1736F60E184FEA6900B422E1</string>
			</array>
			<key>isa</key>
			<string>PBXGroup</string>
			<key>path</key>
			<string>CheckBTC</string>
			<key>sourceTree</key>
			<string>&lt;group&gt;</string>
		</dict>
		<key>1736F60E184FEA6900B422E1</key>
		<dict>
			<key>children</key>
			<array>
				<string>1743537C1857C7450052E824</string>
				<string>1736F60F184FEA6900B422E1</string>
				<string>1736F610184FEA6900B422E1</string>
				<string>1736F613184FEA6900B422E1</string>
				<string>1736F615184FEA6900B422E1</string>
				<string>1736F616184FEA6900B422E1</string>
			</array>
			<key>isa</key>
			<string>PBXGroup</string>
			<key>name</key>
			<string>Supporting Files</string>
			<key>sourceTree</key>
			<string>&lt;group&gt;</string>
		</dict>
		<key>1736F60F184FEA6900B422E1</key>
		<dict>
			<key>isa</key>
			<string>PBXFileReference</string>
			<key>lastKnownFileType</key>
			<string>text.plist.xml</string>
			<key>path</key>
			<string>CheckBTC-Info.plist</string>
			<key>sourceTree</key>
			<string>&lt;group&gt;</string>
		</dict>
		<key>1736F610184FEA6900B422E1</key>
		<dict>
			<key>children</key>
			<array>
				<string>1736F611184FEA6900B422E1</string>
			</array>
			<key>isa</key>
			<string>PBXVariantGroup</string>
			<key>name</key>
			<string>InfoPlist.strings</string>
			<key>sourceTree</key>
			<string>&lt;group&gt;</string>
		</dict>
		<key>1736F611184FEA6900B422E1</key>
		<dict>
			<key>isa</key>
			<string>PBXFileReference</string>
			<key>lastKnownFileType</key>
			<string>text.plist.strings</string>
			<key>name</key>
			<string>en</string>
			<key>path</key>
			<string>en.lproj/InfoPlist.strings</string>
			<key>sourceTree</key>
			<string>&lt;group&gt;</string>
		</dict>
		<key>1736F612184FEA6900B422E1</key>
		<dict>
			<key>fileRef</key>
			<string>1736F610184FEA6900B422E1</string>
			<key>isa</key>
			<string>PBXBuildFile</string>
		</dict>
		<key>1736F613184FEA6900B422E1</key>
		<dict>
			<key>isa</key>
			<string>PBXFileReference</string>
			<key>lastKnownFileType</key>
			<string>sourcecode.c.objc</string>
			<key>path</key>
			<string>main.m</string>
			<key>sourceTree</key>
			<string>&lt;group&gt;</string>
		</dict>
		<key>1736F614184FEA6900B422E1</key>
		<dict>
			<key>fileRef</key>
			<string>1736F613184FEA6900B422E1</string>
			<key>isa</key>
			<string>PBXBuildFile</string>
		</dict>
		<key>1736F615184FEA6900B422E1</key>
		<dict>
			<key>isa</key>
			<string>PBXFileReference</string>
			<key>lastKnownFileType</key>
			<string>sourcecode.c.h</string>
			<key>path</key>
			<string>CheckBTC-Prefix.pch</string>
			<key>sourceTree</key>
			<string>&lt;group&gt;</string>
		</dict>
		<key>1736F616184FEA6900B422E1</key>
		<dict>
			<key>children</key>
			<array>
				<string>1736F617184FEA6900B422E1</string>
			</array>
			<key>isa</key>
			<string>PBXVariantGroup</string>
			<key>name</key>
			<string>Credits.rtf</string>
			<key>sourceTree</key>
			<string>&lt;group&gt;</string>
		</dict>
		<key>1736F617184FEA6900B422E1</key>
		<dict>
			<key>isa</key>
			<string>PBXFileReference</string>
			<key>lastKnownFileType</key>
			<string>text.rtf</string>
			<key>name</key>
			<string>en</string>
			<key>path</key>
			<string>en.lproj/Credits.rtf</string>
			<key>sourceTree</key>
			<string>&lt;group&gt;</string>
		</dict>
		<key>1736F618184FEA6900B422E1</key>
		<dict>
			<key>fileRef</key>
			<string>1736F616184FEA6900B422E1</string>
			<key>isa</key>
			<string>PBXBuildFile</string>
		</dict>
		<key>1736F619184FEA6900B422E1</key>
		<dict>
			<key>isa</key>
			<string>PBXFileReference</string>
			<key>lastKnownFileType</key>
			<string>sourcecode.c.h</string>
			<key>path</key>
			<string>AppDelegate.h</string>
			<key>sourceTree</key>
			<string>&lt;group&gt;</string>
		</dict>
		<key>1736F61A184FEA6900B422E1</key>
		<dict>
			<key>isa</key>
			<string>PBXFileReference</string>
			<key>lastKnownFileType</key>
			<string>sourcecode.c.objc</string>
			<key>path</key>
			<string>AppDelegate.m</string>
			<key>sourceTree</key>
			<string>&lt;group&gt;</string>
		</dict>
		<key>1736F61B184FEA6900B422E1</key>
		<dict>
			<key>fileRef</key>
			<string>1736F61A184FEA6900B422E1</string>
			<key>isa</key>
			<string>PBXBuildFile</string>
		</dict>
		<key>1736F61F184FEA6900B422E1</key>
		<dict>
			<key>isa</key>
			<string>PBXFileReference</string>
			<key>lastKnownFileType</key>
			<string>folder.assetcatalog</string>
			<key>path</key>
			<string>Images.xcassets</string>
			<key>sourceTree</key>
			<string>&lt;group&gt;</string>
		</dict>
		<key>1736F620184FEA6900B422E1</key>
		<dict>
			<key>fileRef</key>
			<string>1736F61F184FEA6900B422E1</string>
			<key>isa</key>
			<string>PBXBuildFile</string>
		</dict>
		<key>1736F621184FEA6900B422E1</key>
		<dict>
			<key>buildActionMask</key>
			<string>2147483647</string>
			<key>files</key>
			<array>
				<string>172894A318BA468F008B38BA</string>
			</array>
			<key>isa</key>
			<string>PBXSourcesBuildPhase</string>
			<key>runOnlyForDeploymentPostprocessing</key>
			<string>0</string>
		</dict>
		<key>1736F622184FEA6900B422E1</key>
		<dict>
			<key>buildActionMask</key>
			<string>2147483647</string>
			<key>files</key>
			<array>
				<string>1736F628184FEA6900B422E1</string>
				<string>1736F627184FEA6900B422E1</string>
			</array>
			<key>isa</key>
			<string>PBXFrameworksBuildPhase</string>
			<key>runOnlyForDeploymentPostprocessing</key>
			<string>0</string>
		</dict>
		<key>1736F623184FEA6900B422E1</key>
		<dict>
			<key>buildActionMask</key>
			<string>2147483647</string>
			<key>files</key>
			<array>
				<string>1736F630184FEA6900B422E1</string>
			</array>
			<key>isa</key>
			<string>PBXResourcesBuildPhase</string>
			<key>runOnlyForDeploymentPostprocessing</key>
			<string>0</string>
		</dict>
		<key>1736F624184FEA6900B422E1</key>
		<dict>
			<key>buildConfigurationList</key>
			<string>1736F638184FEA6900B422E1</string>
			<key>buildPhases</key>
			<array>
				<string>1736F621184FEA6900B422E1</string>
				<string>1736F622184FEA6900B422E1</string>
				<string>1736F623184FEA6900B422E1</string>
			</array>
			<key>buildRules</key>
			<array/>
			<key>dependencies</key>
			<array>
				<string>1736F62A184FEA6900B422E1</string>
			</array>
			<key>isa</key>
			<string>PBXNativeTarget</string>
			<key>name</key>
			<string>CheckBTCTests</string>
			<key>productName</key>
			<string>CheckBTCTests</string>
			<key>productReference</key>
			<string>1736F625184FEA6900B422E1</string>
			<key>productType</key>
			<string>com.apple.product-type.bundle.unit-test</string>
		</dict>
		<key>1736F625184FEA6900B422E1</key>
		<dict>
			<key>explicitFileType</key>
			<string>wrapper.cfbundle</string>
			<key>includeInIndex</key>
			<string>0</string>
			<key>isa</key>
			<string>PBXFileReference</string>
			<key>path</key>
			<string>CheckBTCTests.xctest</string>
			<key>sourceTree</key>
			<string>BUILT_PRODUCTS_DIR</string>
		</dict>
		<key>1736F626184FEA6900B422E1</key>
		<dict>
			<key>isa</key>
			<string>PBXFileReference</string>
			<key>lastKnownFileType</key>
			<string>wrapper.framework</string>
			<key>name</key>
			<string>XCTest.framework</string>
			<key>path</key>
			<string>Library/Frameworks/XCTest.framework</string>
			<key>sourceTree</key>
			<string>DEVELOPER_DIR</string>
		</dict>
		<key>1736F627184FEA6900B422E1</key>
		<dict>
			<key>fileRef</key>
			<string>1736F626184FEA6900B422E1</string>
			<key>isa</key>
			<string>PBXBuildFile</string>
		</dict>
		<key>1736F628184FEA6900B422E1</key>
		<dict>
			<key>fileRef</key>
			<string>1736F607184FEA6900B422E1</string>
			<key>isa</key>
			<string>PBXBuildFile</string>
		</dict>
		<key>1736F629184FEA6900B422E1</key>
		<dict>
			<key>containerPortal</key>
			<string>1736F5FC184FEA6800B422E1</string>
			<key>isa</key>
			<string>PBXContainerItemProxy</string>
			<key>proxyType</key>
			<string>1</string>
			<key>remoteGlobalIDString</key>
			<string>1736F603184FEA6900B422E1</string>
			<key>remoteInfo</key>
			<string>CheckBTC</string>
		</dict>
		<key>1736F62A184FEA6900B422E1</key>
		<dict>
			<key>isa</key>
			<string>PBXTargetDependency</string>
			<key>target</key>
			<string>1736F603184FEA6900B422E1</string>
			<key>targetProxy</key>
			<string>1736F629184FEA6900B422E1</string>
		</dict>
		<key>1736F62B184FEA6900B422E1</key>
		<dict>
			<key>children</key>
			<array>
				<string>172894A218BA468F008B38BA</string>
				<string>1736F62C184FEA6900B422E1</string>
			</array>
			<key>isa</key>
			<string>PBXGroup</string>
			<key>path</key>
			<string>CheckBTCTests</string>
			<key>sourceTree</key>
			<string>SOURCE_ROOT</string>
		</dict>
		<key>1736F62C184FEA6900B422E1</key>
		<dict>
			<key>children</key>
			<array>
				<string>1736F62D184FEA6900B422E1</string>
				<string>1736F62E184FEA6900B422E1</string>
			</array>
			<key>isa</key>
			<string>PBXGroup</string>
			<key>name</key>
			<string>Supporting Files</string>
			<key>sourceTree</key>
			<string>&lt;group&gt;</string>
		</dict>
		<key>1736F62D184FEA6900B422E1</key>
		<dict>
			<key>isa</key>
			<string>PBXFileReference</string>
			<key>lastKnownFileType</key>
			<string>text.plist.xml</string>
			<key>path</key>
			<string>CheckBTCTests-Info.plist</string>
			<key>sourceTree</key>
			<string>&lt;group&gt;</string>
		</dict>
		<key>1736F62E184FEA6900B422E1</key>
		<dict>
			<key>children</key>
			<array>
				<string>1736F62F184FEA6900B422E1</string>
			</array>
			<key>isa</key>
			<string>PBXVariantGroup</string>
			<key>name</key>
			<string>InfoPlist.strings</string>
			<key>sourceTree</key>
			<string>&lt;group&gt;</string>
		</dict>
		<key>1736F62F184FEA6900B422E1</key>
		<dict>
			<key>isa</key>
			<string>PBXFileReference</string>
			<key>lastKnownFileType</key>
			<string>text.plist.strings</string>
			<key>name</key>
			<string>en</string>
			<key>path</key>
			<string>en.lproj/InfoPlist.strings</string>
			<key>sourceTree</key>
			<string>&lt;group&gt;</string>
		</dict>
		<key>1736F630184FEA6900B422E1</key>
		<dict>
			<key>fileRef</key>
			<string>1736F62E184FEA6900B422E1</string>
			<key>isa</key>
			<string>PBXBuildFile</string>
		</dict>
		<key>1736F633184FEA6900B422E1</key>
		<dict>
			<key>buildSettings</key>
			<dict>
				<key>ALWAYS_SEARCH_USER_PATHS</key>
				<string>NO</string>
				<key>CLANG_CXX_LANGUAGE_STANDARD</key>
				<string>gnu++0x</string>
				<key>CLANG_CXX_LIBRARY</key>
				<string>libc++</string>
				<key>CLANG_ENABLE_OBJC_ARC</key>
				<string>YES</string>
				<key>CLANG_WARN_BOOL_CONVERSION</key>
				<string>YES</string>
				<key>CLANG_WARN_CONSTANT_CONVERSION</key>
				<string>YES</string>
				<key>CLANG_WARN_DIRECT_OBJC_ISA_USAGE</key>
				<string>YES_ERROR</string>
				<key>CLANG_WARN_EMPTY_BODY</key>
				<string>YES</string>
				<key>CLANG_WARN_ENUM_CONVERSION</key>
				<string>YES</string>
				<key>CLANG_WARN_INT_CONVERSION</key>
				<string>YES</string>
				<key>CLANG_WARN_OBJC_ROOT_CLASS</key>
				<string>YES_ERROR</string>
				<key>CLANG_WARN__DUPLICATE_METHOD_MATCH</key>
				<string>YES</string>
				<key>CODE_SIGN_IDENTITY</key>
				<string></string>
				<key>COPY_PHASE_STRIP</key>
				<string>NO</string>
				<key>CURRENT_PROJECT_VERSION</key>
				<string>1.1</string>
				<key>GCC_C_LANGUAGE_STANDARD</key>
				<string>gnu99</string>
				<key>GCC_DYNAMIC_NO_PIC</key>
				<string>NO</string>
				<key>GCC_ENABLE_OBJC_EXCEPTIONS</key>
				<string>YES</string>
				<key>GCC_OPTIMIZATION_LEVEL</key>
				<string>0</string>
				<key>GCC_PREPROCESSOR_DEFINITIONS</key>
				<array>
					<string>DEBUG=1</string>
					<string>$(inherited)</string>
				</array>
				<key>GCC_SYMBOLS_PRIVATE_EXTERN</key>
				<string>NO</string>
				<key>GCC_WARN_64_TO_32_BIT_CONVERSION</key>
				<string>YES</string>
				<key>GCC_WARN_ABOUT_RETURN_TYPE</key>
				<string>YES_ERROR</string>
				<key>GCC_WARN_UNDECLARED_SELECTOR</key>
				<string>YES</string>
				<key>GCC_WARN_UNINITIALIZED_AUTOS</key>
				<string>YES</string>
				<key>GCC_WARN_UNUSED_FUNCTION</key>
				<string>YES</string>
				<key>GCC_WARN_UNUSED_VARIABLE</key>
				<string>YES</string>
				<key>MACOSX_DEPLOYMENT_TARGET</key>
				<string>10.7</string>
				<key>ONLY_ACTIVE_ARCH</key>
				<string>YES</string>
				<key>SDKROOT</key>
				<string>macosx</string>
			</dict>
			<key>isa</key>
			<string>XCBuildConfiguration</string>
			<key>name</key>
			<string>Debug</string>
		</dict>
		<key>1736F634184FEA6900B422E1</key>
		<dict>
			<key>buildSettings</key>
			<dict>
				<key>ALWAYS_SEARCH_USER_PATHS</key>
				<string>NO</string>
				<key>CLANG_CXX_LANGUAGE_STANDARD</key>
				<string>gnu++0x</string>
				<key>CLANG_CXX_LIBRARY</key>
				<string>libc++</string>
				<key>CLANG_ENABLE_OBJC_ARC</key>
				<string>YES</string>
				<key>CLANG_WARN_BOOL_CONVERSION</key>
				<string>YES</string>
				<key>CLANG_WARN_CONSTANT_CONVERSION</key>
				<string>YES</string>
				<key>CLANG_WARN_DIRECT_OBJC_ISA_USAGE</key>
				<string>YES_ERROR</string>
				<key>CLANG_WARN_EMPTY_BODY</key>
				<string>YES</string>
				<key>CLANG_WARN_ENUM_CONVERSION</key>
				<string>YES</string>
				<key>CLANG_WARN_INT_CONVERSION</key>
				<string>YES</string>
				<key>CLANG_WARN_OBJC_ROOT_CLASS</key>
				<string>YES_ERROR</string>
				<key>CLANG_WARN__DUPLICATE_METHOD_MATCH</key>
				<string>YES</string>
				<key>CODE_SIGN_IDENTITY</key>
				<string></string>
				<key>COPY_PHASE_STRIP</key>
				<string>YES</string>
				<key>CURRENT_PROJECT_VERSION</key>
				<string>1.1</string>
				<key>DEBUG_INFORMATION_FORMAT</key>
				<string>dwarf-with-dsym</string>
				<key>ENABLE_NS_ASSERTIONS</key>
				<string>NO</string>
				<key>GCC_C_LANGUAGE_STANDARD</key>
				<string>gnu99</string>
				<key>GCC_ENABLE_OBJC_EXCEPTIONS</key>
				<string>YES</string>
				<key>GCC_WARN_64_TO_32_BIT_CONVERSION</key>
				<string>YES</string>
				<key>GCC_WARN_ABOUT_RETURN_TYPE</key>
				<string>YES_ERROR</string>
				<key>GCC_WARN_UNDECLARED_SELECTOR</key>
				<string>YES</string>
				<key>GCC_WARN_UNINITIALIZED_AUTOS</key>
				<string>YES</string>
				<key>GCC_WARN_UNUSED_FUNCTION</key>
				<string>YES</string>
				<key>GCC_WARN_UNUSED_VARIABLE</key>
				<string>YES</string>
				<key>MACOSX_DEPLOYMENT_TARGET</key>
				<string>10.7</string>
				<key>ONLY_ACTIVE_ARCH</key>
				<string>YES</string>
				<key>SDKROOT</key>
				<string>macosx</string>
			</dict>
			<key>isa</key>
			<string>XCBuildConfiguration</string>
			<key>name</key>
			<string>Release</string>
		</dict>
		<key>1736F635184FEA6900B422E1</key>
		<dict>
			<key>buildConfigurations</key>
			<array>
				<string>1736F636184FEA6900B422E1</string>
				<string>1736F637184FEA6900B422E1</string>
			</array>
			<key>defaultConfigurationIsVisible</key>
			<string>0</string>
			<key>defaultConfigurationName</key>
			<string>Release</string>
			<key>isa</key>
			<string>XCConfigurationList</string>
		</dict>
		<key>1736F636184FEA6900B422E1</key>
		<dict>
			<key>buildSettings</key>
			<dict>
				<key>ASSETCATALOG_COMPILER_APPICON_NAME</key>
				<string>AppIcon</string>
				<key>CLANG_ENABLE_OBJC_ARC</key>
				<string>YES</string>
				<key>CODE_SIGN_IDENTITY</key>
				<string></string>
				<key>COMBINE_HIDPI_IMAGES</key>
				<string>YES</string>
				<key>FRAMEWORK_SEARCH_PATHS</key>
				<array>
					<string>$(inherited)</string>
					<string>/Users/x/Documents/XCode\ Workplace/CheckBTC</string>
				</array>
				<key>GCC_PRECOMPILE_PREFIX_HEADER</key>
				<string>YES</string>
				<key>GCC_PREFIX_HEADER</key>
				<string>CheckBTC/CheckBTC-Prefix.pch</string>
				<key>INFOPLIST_FILE</key>
				<string>CheckBTC/CheckBTC-Info.plist</string>
				<key>PRODUCT_NAME</key>
				<string>$(TARGET_NAME)</string>
				<key>SDKROOT</key>
				<string>macosx</string>
				<key>WRAPPER_EXTENSION</key>
				<string>app</string>
			</dict>
			<key>isa</key>
			<string>XCBuildConfiguration</string>
			<key>name</key>
			<string>Debug</string>
		</dict>
		<key>1736F637184FEA6900B422E1</key>
		<dict>
			<key>buildSettings</key>
			<dict>
				<key>ASSETCATALOG_COMPILER_APPICON_NAME</key>
				<string>AppIcon</string>
				<key>CLANG_ENABLE_OBJC_ARC</key>
				<string>YES</string>
				<key>CODE_SIGN_IDENTITY</key>
				<string></string>
				<key>COMBINE_HIDPI_IMAGES</key>
				<string>YES</string>
				<key>FRAMEWORK_SEARCH_PATHS</key>
				<array>
					<string>$(inherited)</string>
					<string>/Users/x/Documents/XCode\ Workplace/CheckBTC</string>
				</array>
				<key>GCC_PRECOMPILE_PREFIX_HEADER</key>
				<string>YES</string>
				<key>GCC_PREFIX_HEADER</key>
				<string>CheckBTC/CheckBTC-Prefix.pch</string>
				<key>INFOPLIST_FILE</key>
				<string>CheckBTC/CheckBTC-Info.plist</string>
				<key>PRODUCT_NAME</key>
				<string>$(TARGET_NAME)</string>
				<key>SDKROOT</key>
				<string>macosx</string>
				<key>WRAPPER_EXTENSION</key>
				<string>app</string>
			</dict>
			<key>isa</key>
			<string>XCBuildConfiguration</string>
			<key>name</key>
			<string>Release</string>
		</dict>
		<key>1736F638184FEA6900B422E1</key>
		<dict>
			<key>buildConfigurations</key>
			<array>
				<string>1736F639184FEA6900B422E1</string>
				<string>1736F63A184FEA6900B422E1</string>
			</array>
			<key>defaultConfigurationIsVisible</key>
			<string>0</string>
			<key>defaultConfigurationName</key>
			<string>Release</string>
			<key>isa</key>
			<string>XCConfigurationList</string>
		</dict>
		<key>1736F639184FEA6900B422E1</key>
		<dict>
			<key>buildSettings</key>
			<dict>
				<key>BUNDLE_LOADER</key>
				<string>$(BUILT_PRODUCTS_DIR)/CheckBTC.app/Contents/MacOS/CheckBTC</string>
				<key>COMBINE_HIDPI_IMAGES</key>
				<string>YES</string>
				<key>FRAMEWORK_SEARCH_PATHS</key>
				<array>
					<string>$(DEVELOPER_FRAMEWORKS_DIR)</string>
					<string>$(inherited)</string>
				</array>
				<key>GCC_PRECOMPILE_PREFIX_HEADER</key>
				<string>YES</string>
				<key>GCC_PREFIX_HEADER</key>
				<string>CheckBTC/CheckBTC-Prefix.pch</string>
				<key>GCC_PREPROCESSOR_DEFINITIONS</key>
				<array>
					<string>DEBUG=1</string>
					<string>$(inherited)</string>
				</array>
				<key>INFOPLIST_FILE</key>
				<string>CheckBTCTests/CheckBTCTests-Info.plist</string>
				<key>PRODUCT_NAME</key>
				<string>$(TARGET_NAME)</string>
				<key>TEST_HOST</key>
				<string>$(BUNDLE_LOADER)</string>
				<key>WRAPPER_EXTENSION</key>
				<string>xctest</string>
			</dict>
			<key>isa</key>
			<string>XCBuildConfiguration</string>
			<key>name</key>
			<string>Debug</string>
		</dict>
		<key>1736F63A184FEA6900B422E1</key>
		<dict>
			<key>buildSettings</key>
			<dict>
				<key>BUNDLE_LOADER</key>
				<string>$(BUILT_PRODUCTS_DIR)/CheckBTC.app/Contents/MacOS/CheckBTC</string>
				<key>COMBINE_HIDPI_IMAGES</key>
				<string>YES</string>
				<key>FRAMEWORK_SEARCH_PATHS</key>
				<array>
					<string>$(DEVELOPER_FRAMEWORKS_DIR)</string>
					<string>$(inherited)</string>
				</array>
				<key>GCC_PRECOMPILE_PREFIX_HEADER</key>
				<string>YES</string>
				<key>GCC_PREFIX_HEADER</key>
				<string>CheckBTC/CheckBTC-Prefix.pch</string>
				<key>INFOPLIST_FILE</key>
				<string>CheckBTCTests/CheckBTCTests-Info.plist</string>
				<key>PRODUCT_NAME</key>
				<string>$(TARGET_NAME)</string>
				<key>TEST_HOST</key>
				<string>$(BUNDLE_LOADER)</string>
				<key>WRAPPER_EXTENSION</key>
				<string>xctest</string>
			</dict>
			<key>isa</key>
			<string>XCBuildConfiguration</string>
			<key>name</key>
			<string>Release</string>
		</dict>
		<key>1736F647185224E300B422E1</key>
		<dict>
			<key>fileEncoding</key>
			<string>4</string>
			<key>isa</key>
			<string>PBXFileReference</string>
			<key>lastKnownFileType</key>
			<string>sourcecode.c.h</string>
			<key>path</key>
			<string>PreferencesWindowController.h</string>
			<key>sourceTree</key>
			<string>&lt;group&gt;</string>
		</dict>
		<key>1736F648185224E300B422E1</key>
		<dict>
			<key>fileEncoding</key>
			<string>4</string>
			<key>isa</key>
			<string>PBXFileReference</string>
			<key>lastKnownFileType</key>
			<string>sourcecode.c.objc</string>
			<key>path</key>
			<string>PreferencesWindowController.m</string>
			<key>sourceTree</key>
			<string>&lt;group&gt;</string>
		</dict>
		<key>1736F649185224E300B422E1</key>
		<dict>
			<key>fileRef</key>
			<string>1736F648185224E300B422E1</string>
			<key>isa</key>
			<string>PBXBuildFile</string>
		</dict>
		<key>1736F64A1852264500B422E1</key>
		<dict>
			<key>fileEncoding</key>
			<string>4</string>
			<key>isa</key>
			<string>PBXFileReference</string>
			<key>lastKnownFileType</key>
			<string>file.xib</string>
			<key>path</key>
			<string>Preferences.xib</string>
			<key>sourceTree</key>
			<string>&lt;group&gt;</string>
		</dict>
		<key>1736F64B1852264500B422E1</key>
		<dict>
			<key>fileRef</key>
			<string>1736F64A1852264500B422E1</string>
			<key>isa</key>
			<string>PBXBuildFile</string>
		</dict>
		<key>17435374185754CD0052E824</key>
		<dict>
			<key>isa</key>
			<string>PBXFileReference</string>
			<key>lastKnownFileType</key>
			<string>wrapper.framework</string>
			<key>path</key>
			<string>Sparkle.framework</string>
			<key>sourceTree</key>
			<string>&lt;group&gt;</string>
		</dict>
		<key>17435375185754CD0052E824</key>
		<dict>
			<key>fileRef</key>
			<string>17435374185754CD0052E824</string>
			<key>isa</key>
			<string>PBXBuildFile</string>
		</dict>
		<key>17435379185756B90052E824</key>
		<dict>
			<key>buildActionMask</key>
			<string>2147483647</string>
			<key>dstPath</key>
			<string></string>
			<key>dstSubfolderSpec</key>
			<string>10</string>
			<key>files</key>
			<array>
				<string>1743537A185756C10052E824</string>
			</array>
			<key>isa</key>
			<string>PBXCopyFilesBuildPhase</string>
			<key>runOnlyForDeploymentPostprocessing</key>
			<string>0</string>
		</dict>
		<key>1743537A185756C10052E824</key>
		<dict>
			<key>fileRef</key>
			<string>17435374185754CD0052E824</string>
			<key>isa</key>
			<string>PBXBuildFile</string>
		</dict>
		<key>1743537C1857C7450052E824</key>
		<dict>
			<key>fileEncoding</key>
			<string>4</string>
			<key>isa</key>
			<string>PBXFileReference</string>
			<key>lastKnownFileType</key>
			<string>text</string>
			<key>path</key>
			<string>dsa_pub.pem</string>
			<key>sourceTree</key>
			<string>&lt;group&gt;</string>
		</dict>
		<key>1743537D1857C7450052E824</key>
		<dict>
			<key>fileRef</key>
			<string>1743537C1857C7450052E824</string>
			<key>isa</key>
			<string>PBXBuildFile</string>
		</dict>
		<key>174E9B7418B69335006A61EE</key>
		<dict>
			<key>fileEncoding</key>
			<string>4</string>
			<key>isa</key>
			<string>PBXFileReference</string>
			<key>lastKnownFileType</key>
			<string>sourcecode.c.h</string>
			<key>path</key>
			<string>UserDefaultsController.h</string>
			<key>sourceTree</key>
			<string>&lt;group&gt;</string>
		</dict>
		<key>174E9B7518B69335006A61EE</key>
		<dict>
			<key>fileEncoding</key>
			<string>4</string>
			<key>isa</key>
			<string>PBXFileReference</string>
			<key>lastKnownFileType</key>
			<string>sourcecode.c.objc</string>
			<key>path</key>
			<string>UserDefaultsController.m</string>
			<key>sourceTree</key>
			<string>&lt;group&gt;</string>
		</dict>
		<key>174E9B7618B69335006A61EE</key>
		<dict>
			<key>fileRef</key>
			<string>174E9B7518B69335006A61EE</string>
			<key>isa</key>
			<string>PBXBuildFile</string>
		</dict>
		<key>174E9B7718B69647006A61EE</key>
		<dict>
			<key>fileEncoding</key>
			<string>4</string>
			<key>isa</key>
			<string>PBXFileReference</string>
			<key>lastKnownFileType</key>
			<string>sourcecode.c.h</string>
			<key>path</key>
			<string>StatusBarController.h</string>
			<key>sourceTree</key>
			<string>&lt;group&gt;</string>
		</dict>
		<key>174E9B7818B69647006A61EE</key>
		<dict>
			<key>fileEncoding</key>
			<string>4</string>
			<key>isa</key>
			<string>PBXFileReference</string>
			<key>lastKnownFileType</key>
			<string>sourcecode.c.objc</string>
			<key>path</key>
			<string>StatusBarController.m</string>
			<key>sourceTree</key>
			<string>&lt;group&gt;</string>
		</dict>
		<key>174E9B7918B69647006A61EE</key>
		<dict>
			<key>fileRef</key>
			<string>174E9B7818B69647006A61EE</string>
			<key>isa</key>
			<string>PBXBuildFile</string>
		</dict>
		<key>174E9B7A18B72247006A61EE</key>
		<dict>
			<key>fileEncoding</key>
			<string>4</string>
			<key>isa</key>
			<string>PBXFileReference</string>
			<key>lastKnownFileType</key>
			<string>sourcecode.c.h</string>
			<key>path</key>
			<string>DataController.h</string>
			<key>sourceTree</key>
			<string>&lt;group&gt;</string>
		</dict>
		<key>174E9B7B18B72247006A61EE</key>
		<dict>
			<key>fileEncoding</key>
			<string>4</string>
			<key>isa</key>
			<string>PBXFileReference</string>
			<key>lastKnownFileType</key>
			<string>sourcecode.c.objc</string>
			<key>path</key>
			<string>DataController.m</string>
			<key>sourceTree</key>
			<string>&lt;group&gt;</string>
		</dict>
		<key>174E9B7C18B72247006A61EE</key>
		<dict>
			<key>fileRef</key>
			<string>174E9B7B18B72247006A61EE</string>
			<key>isa</key>
			<string>PBXBuildFile</string>
		</dict>
		<key>174E9B7D18B7258C006A61EE</key>
		<dict>
			<key>isa</key>
			<string>PBXFileReference</string>
			<key>lastKnownFileType</key>
			<string>sourcecode.c.h</string>
			<key>path</key>
			<string>DisplayDataCallbackProtocol.h</string>
			<key>sourceTree</key>
			<string>&lt;group&gt;</string>
		</dict>
		<key>174E9B7E18B7295E006A61EE</key>
		<dict>
			<key>children</key>
			<array>
				<string>17BAD15018B659E200CEEED4</string>
				<string>172894A118BA3B74008B38BA</string>
				<string>174E9B7D18B7258C006A61EE</string>
				<string>174E9B8018B72ABC006A61EE</string>
				<string>17D544CC18F2B31000C60515</string>
			</array>
			<key>isa</key>
			<string>PBXGroup</string>
			<key>name</key>
			<string>Protocols</string>
			<key>sourceTree</key>
			<string>&lt;group&gt;</string>
		</dict>
		<key>174E9B7F18B72972006A61EE</key>
		<dict>
			<key>children</key>
			<array>
				<string>17BAD14D18B64F0B00CEEED4</string>
				<string>17BAD14E18B64F0B00CEEED4</string>
				<string>174E9B7A18B72247006A61EE</string>
				<string>174E9B7B18B72247006A61EE</string>
				<string>1765257018C7164000CFD79B</string>
				<string>1765257118C7164000CFD79B</string>
				<string>17C43DA918B7DB3F00B2DF87</string>
				<string>17C43DAA18B7DB3F00B2DF87</string>
				<string>1736F647185224E300B422E1</string>
				<string>1736F648185224E300B422E1</string>
				<string>174E9B7718B69647006A61EE</string>
				<string>174E9B7818B69647006A61EE</string>
				<string>17111E6A18954B1000BBF9ED</string>
				<string>17111E6B18954B1000BBF9ED</string>
				<string>174E9B7418B69335006A61EE</string>
				<string>174E9B7518B69335006A61EE</string>
			</array>
			<key>isa</key>
			<string>PBXGroup</string>
			<key>name</key>
			<string>Controllers</string>
			<key>sourceTree</key>
			<string>&lt;group&gt;</string>
		</dict>
		<key>174E9B8018B72ABC006A61EE</key>
		<dict>
			<key>isa</key>
			<string>PBXFileReference</string>
			<key>lastKnownFileType</key>
			<string>sourcecode.c.h</string>
			<key>path</key>
			<string>UserDefaultsControllerDelegateProtocol.h</string>
			<key>sourceTree</key>
			<string>&lt;group&gt;</string>
		</dict>
		<key>175AF84418F950F800CF307A</key>
		<dict>
			<key>fileRef</key>
			<string>17C0798318F8190300670C26</string>
			<key>isa</key>
			<string>PBXBuildFile</string>
		</dict>
		<key>1765257018C7164000CFD79B</key>
		<dict>
			<key>fileEncoding</key>
			<string>4</string>
			<key>isa</key>
			<string>PBXFileReference</string>
			<key>lastKnownFileType</key>
			<string>sourcecode.c.h</string>
			<key>path</key>
			<string>PluginController.h</string>
			<key>sourceTree</key>
			<string>&lt;group&gt;</string>
		</dict>
		<key>1765257118C7164000CFD79B</key>
		<dict>
			<key>fileEncoding</key>
			<string>4</string>
			<key>isa</key>
			<string>PBXFileReference</string>
			<key>lastKnownFileType</key>
			<string>sourcecode.c.objc</string>
			<key>path</key>
			<string>PluginController.m</string>
			<key>sourceTree</key>
			<string>&lt;group&gt;</string>
		</dict>
		<key>1765257218C7164000CFD79B</key>
		<dict>
			<key>fileRef</key>
			<string>1765257118C7164000CFD79B</string>
			<key>isa</key>
			<string>PBXBuildFile</string>
		</dict>
		<key>1767DB7618FDA553004DCA3B</key>
		<dict>
			<key>fileEncoding</key>
			<string>4</string>
			<key>isa</key>
			<string>PBXFileReference</string>
			<key>lastKnownFileType</key>
			<string>text.plist.xml</string>
			<key>name</key>
			<string>StandardUserDefaults.plist</string>
			<key>path</key>
			<string>CheckBTC/StandardUserDefaults.plist</string>
			<key>sourceTree</key>
			<string>&lt;group&gt;</string>
		</dict>
		<key>1767DB7718FDA553004DCA3B</key>
		<dict>
			<key>fileRef</key>
			<string>1767DB7618FDA553004DCA3B</string>
			<key>isa</key>
			<string>PBXBuildFile</string>
		</dict>
		<key>1767DB7818FDA70F004DCA3B</key>
		<dict>
			<key>isa</key>
			<string>PBXFileReference</string>
			<key>lastKnownFileType</key>
			<string>sourcecode.c.h</string>
			<key>path</key>
			<string>UserDefaultAccessKeys.h</string>
			<key>sourceTree</key>
			<string>&lt;group&gt;</string>
		</dict>
		<key>1777925918561CFF008D6F0B</key>
		<dict>
			<key>fileEncoding</key>
			<string>4</string>
			<key>isa</key>
			<string>PBXFileReference</string>
			<key>lastKnownFileType</key>
			<string>file.xib</string>
			<key>path</key>
			<string>MainMenu.xib</string>
			<key>sourceTree</key>
			<string>&lt;group&gt;</string>
		</dict>
		<key>1777925A18561CFF008D6F0B</key>
		<dict>
			<key>fileRef</key>
			<string>1777925918561CFF008D6F0B</string>
			<key>isa</key>
			<string>PBXBuildFile</string>
		</dict>
		<key>17BAD14D18B64F0B00CEEED4</key>
		<dict>
			<key>fileEncoding</key>
			<string>4</string>
			<key>isa</key>
			<string>PBXFileReference</string>
			<key>lastKnownFileType</key>
			<string>sourcecode.c.h</string>
			<key>path</key>
			<string>AIConnectionController.h</string>
			<key>sourceTree</key>
			<string>&lt;group&gt;</string>
		</dict>
		<key>17BAD14E18B64F0B00CEEED4</key>
		<dict>
			<key>fileEncoding</key>
			<string>4</string>
			<key>isa</key>
			<string>PBXFileReference</string>
			<key>lastKnownFileType</key>
			<string>sourcecode.c.objc</string>
			<key>path</key>
			<string>AIConnectionController.m</string>
			<key>sourceTree</key>
			<string>&lt;group&gt;</string>
		</dict>
		<key>17BAD14F18B64F0B00CEEED4</key>
		<dict>
			<key>fileRef</key>
			<string>17BAD14E18B64F0B00CEEED4</string>
			<key>isa</key>
			<string>PBXBuildFile</string>
		</dict>
		<key>17BAD15018B659E200CEEED4</key>
		<dict>
			<key>isa</key>
			<string>PBXFileReference</string>
			<key>lastKnownFileType</key>
			<string>sourcecode.c.h</string>
			<key>path</key>
			<string>AIConnectionControllerDelegateProtocol.h</string>
			<key>sourceTree</key>
			<string>&lt;group&gt;</string>
		</dict>
		<key>17C0798318F8190300670C26</key>
		<dict>
			<key>isa</key>
			<string>PBXFileReference</string>
			<key>lastKnownFileType</key>
			<string>folder</string>
			<key>name</key>
			<string>Resources</string>
			<key>path</key>
			<string>CheckBTC/Resources</string>
			<key>sourceTree</key>
			<string>&lt;group&gt;</string>
		</dict>
		<key>17C43DA918B7DB3F00B2DF87</key>
		<dict>
			<key>fileEncoding</key>
			<string>4</string>
			<key>isa</key>
			<string>PBXFileReference</string>
			<key>lastKnownFileType</key>
			<string>sourcecode.c.h</string>
			<key>path</key>
			<string>LaunchAtLoginController.h</string>
			<key>sourceTree</key>
			<string>&lt;group&gt;</string>
		</dict>
		<key>17C43DAA18B7DB3F00B2DF87</key>
		<dict>
			<key>fileEncoding</key>
			<string>4</string>
			<key>isa</key>
			<string>PBXFileReference</string>
			<key>lastKnownFileType</key>
			<string>sourcecode.c.objc</string>
			<key>path</key>
			<string>LaunchAtLoginController.m</string>
			<key>sourceTree</key>
			<string>&lt;group&gt;</string>
		</dict>
		<key>17C43DAB18B7DB3F00B2DF87</key>
		<dict>
			<key>fileRef</key>
			<string>17C43DAA18B7DB3F00B2DF87</string>
			<key>isa</key>
			<string>PBXBuildFile</string>
		</dict>
		<key>17D544CC18F2B31000C60515</key>
		<dict>
			<key>isa</key>
			<string>PBXFileReference</string>
			<key>lastKnownFileType</key>
			<string>sourcecode.c.h</string>
			<key>path</key>
			<string>PluginControllerDelegateProtocol.h</string>
			<key>sourceTree</key>
			<string>&lt;group&gt;</string>
		</dict>
		<key>17E93F26185B2B86007C3092</key>
		<dict>
			<key>isa</key>
			<string>PBXFileReference</string>
			<key>lastKnownFileType</key>
			<string>text.xml</string>
			<key>path</key>
			<string>CheckBTC.entitlements</string>
			<key>sourceTree</key>
			<string>&lt;group&gt;</string>
		</dict>
		<key>OBJCLEANCUSTOMRUNSCRIPTT</key>
		<dict>
			<key>buildActionMask</key>
			<integer>2147483647</integer>
			<key>files</key>
			<array/>
			<key>inputPaths</key>
			<array/>
			<key>isa</key>
			<string>PBXShellScriptBuildPhase</string>
			<key>name</key>
			<string>Objective-Clean Run Script</string>
			<key>outputPaths</key>
			<array/>
			<key>runOnlyForDeploymentPostprocessing</key>
			<integer>0</integer>
			<key>shellPath</key>
			<string>/bin/bash</string>
			<key>shellScript</key>
			<string>if [[ -z ${SKIP_OBJCLEAN} || ${SKIP_OBJCLEAN} != 1 ]]; then
if [[ -d "${LOCAL_APPS_DIR}/Objective-Clean.app" ]]; then 
"${LOCAL_APPS_DIR}"/Objective-Clean.app/Contents/Resources/ObjClean.app/Contents/MacOS/ObjClean "${SRCROOT}" 
else
echo "warning: You have to install and set up Objective-Clean to use its features!" 
fi
fi</string>
		</dict>
	</dict>
	<key>rootObject</key>
	<string>1736F5FC184FEA6800B422E1</string>
</dict>
</plist>
